{
  "name": "Select Your Gender_with_scorm_again",
  "lockfileVersion": 3,
  "requires": true,
  "packages": {
    "": {
      "dependencies": {
        "scorm-again": "^1.7.1"
      }
    },
    "node_modules/scorm-again": {
      "version": "1.7.1",
      "resolved": "https://registry.npmjs.org/scorm-again/-/scorm-again-1.7.1.tgz",
      "integrity": "sha512-sBmjowUsyVsPHHRGtF86o8xrLLtnQOu6a7JG2S4a2sppoMVzcZIfWn/axveYwsoYFabFsHnmdU9lOTxxEh7gNA==",
      "license": "MIT"
    }
  }
}
